
Microsoft Visual Studio Solution File, Format Version 12.00
# Visual Studio Version 16
VisualStudioVersion = 16.0.29324.140
MinimumVisualStudioVersion = 10.0.40219.1
Project("{FAE04EC0-301F-11D3-BF4B-00C04F79EFBC}") = "Task2", "Task2\Task2.csproj", "{C459E0E6-EDFC-4F0E-9847-791CBAB7F34F}"
EndProject
Global
	GlobalSection(SolutionConfigurationPlatforms) = preSolution
		Debug|Any CPU = Debug|Any CPU
		Release|Any CPU = Release|Any CPU
	EndGlobalSection
	GlobalSection(ProjectConfigurationPlatforms) = postSolution
		{C459E0E6-EDFC-4F0E-9847-791CBAB7F34F}.Debug|Any CPU.ActiveCfg = Debug|Any CPU
		{C459E0E6-EDFC-4F0E-9847-791CBAB7F34F}.Debug|Any CPU.Build.0 = Debug|Any CPU
		{C459E0E6-EDFC-4F0E-9847-791CBAB7F34F}.Release|Any CPU.ActiveCfg = Release|Any CPU
		{C459E0E6-EDFC-4F0E-9847-791CBAB7F34F}.Release|Any CPU.Build.0 = Release|Any CPU
	EndGlobalSection
	GlobalSection(SolutionProperties) = preSolution
		HideSolutionNode = FALSE
	EndGlobalSection
	GlobalSection(ExtensibilityGlobals) = postSolution
		SolutionGuid = {8334CDC6-93A0-412D-AEE7-5C27C3E9A9FB}
	EndGlobalSection
EndGlobal
